// !$*UTF8*$!
{
	archiveVersion = 1;
	classes = {
	};
	objectVersion = 50;
	objects = {

/* Begin PBXBuildFile section */
		4C3358F2241481BB00B64AB4 /* AppDelegate.swift in Sources */ = {isa = PBXBuildFile; fileRef = 4C3358F1241481BB00B64AB4 /* AppDelegate.swift */; };
		4C3358F4241481BC00B64AB4 /* DocumentBrowserViewController.swift in Sources */ = {isa = PBXBuildFile; fileRef = 4C3358F3241481BC00B64AB4 /* DocumentBrowserViewController.swift */; };
		4C3358F6241481BC00B64AB4 /* DocumentView.swift in Sources */ = {isa = PBXBuildFile; fileRef = 4C3358F5241481BC00B64AB4 /* DocumentView.swift */; };
		4C3358F8241481BC00B64AB4 /* Document.swift in Sources */ = {isa = PBXBuildFile; fileRef = 4C3358F7241481BC00B64AB4 /* Document.swift */; };
		4C3358FB241481BC00B64AB4 /* Main.storyboard in Resources */ = {isa = PBXBuildFile; fileRef = 4C3358F9241481BC00B64AB4 /* Main.storyboard */; };
		4C3358FD241481CB00B64AB4 /* Assets.xcassets in Resources */ = {isa = PBXBuildFile; fileRef = 4C3358FC241481CB00B64AB4 /* Assets.xcassets */; };
		4C335900241481CB00B64AB4 /* LaunchScreen.storyboard in Resources */ = {isa = PBXBuildFile; fileRef = 4C3358FE241481CB00B64AB4 /* LaunchScreen.storyboard */; };
		4C33590B241481CC00B64AB4 /* PokedexTests.swift in Sources */ = {isa = PBXBuildFile; fileRef = 4C33590A241481CC00B64AB4 /* PokedexTests.swift */; };
		4C335916241481CC00B64AB4 /* PokedexUITests.swift in Sources */ = {isa = PBXBuildFile; fileRef = 4C335915241481CC00B64AB4 /* PokedexUITests.swift */; };
/* End PBXBuildFile section */

/* Begin PBXContainerItemProxy section */
		4C335907241481CC00B64AB4 /* PBXContainerItemProxy */ = {
			isa = PBXContainerItemProxy;
			containerPortal = 4C3358E6241481BB00B64AB4 /* Project object */;
			proxyType = 1;
			remoteGlobalIDString = 4C3358ED241481BB00B64AB4;
			remoteInfo = Pokedex;
		};
		4C335912241481CC00B64AB4 /* PBXContainerItemProxy */ = {
			isa = PBXContainerItemProxy;
			containerPortal = 4C3358E6241481BB00B64AB4 /* Project object */;
			proxyType = 1;
			remoteGlobalIDString = 4C3358ED241481BB00B64AB4;
			remoteInfo = Pokedex;
		};
/* End PBXContainerItemProxy section */

/* Begin PBXFileReference section */
		4C3358EE241481BB00B64AB4 /* Pokedex.app */ = {isa = PBXFileReference; explicitFileType = wrapper.application; includeInIndex = 0; path = Pokedex.app; sourceTree = BUILT_PRODUCTS_DIR; };
		4C3358F1241481BB00B64AB4 /* AppDelegate.swift */ = {isa = PBXFileReference; lastKnownFileType = sourcecode.swift; path = AppDelegate.swift; sourceTree = "<group>"; };
		4C3358F3241481BC00B64AB4 /* DocumentBrowserViewController.swift */ = {isa = PBXFileReference; lastKnownFileType = sourcecode.swift; path = DocumentBrowserViewController.swift; sourceTree = "<group>"; };
		4C3358F5241481BC00B64AB4 /* DocumentView.swift */ = {isa = PBXFileReference; lastKnownFileType = sourcecode.swift; path = DocumentView.swift; sourceTree = "<group>"; };
		4C3358F7241481BC00B64AB4 /* Document.swift */ = {isa = PBXFileReference; lastKnownFileType = sourcecode.swift; path = Document.swift; sourceTree = "<group>"; };
		4C3358FA241481BC00B64AB4 /* Base */ = {isa = PBXFileReference; lastKnownFileType = file.storyboard; name = Base; path = Base.lproj/Main.storyboard; sourceTree = "<group>"; };
		4C3358FC241481CB00B64AB4 /* Assets.xcassets */ = {isa = PBXFileReference; lastKnownFileType = folder.assetcatalog; path = Assets.xcassets; sourceTree = "<group>"; };
		4C3358FF241481CB00B64AB4 /* Base */ = {isa = PBXFileReference; lastKnownFileType = file.storyboard; name = Base; path = Base.lproj/LaunchScreen.storyboard; sourceTree = "<group>"; };
		4C335901241481CB00B64AB4 /* Info.plist */ = {isa = PBXFileReference; lastKnownFileType = text.plist.xml; path = Info.plist; sourceTree = "<group>"; };
		4C335906241481CC00B64AB4 /* PokedexTests.xctest */ = {isa = PBXFileReference; explicitFileType = wrapper.cfbundle; includeInIndex = 0; path = PokedexTests.xctest; sourceTree = BUILT_PRODUCTS_DIR; };
		4C33590A241481CC00B64AB4 /* PokedexTests.swift */ = {isa = PBXFileReference; lastKnownFileType = sourcecode.swift; path = PokedexTests.swift; sourceTree = "<group>"; };
		4C33590C241481CC00B64AB4 /* Info.plist */ = {isa = PBXFileReference; lastKnownFileType = text.plist.xml; path = Info.plist; sourceTree = "<group>"; };
		4C335911241481CC00B64AB4 /* PokedexUITests.xctest */ = {isa = PBXFileReference; explicitFileType = wrapper.cfbundle; includeInIndex = 0; path = PokedexUITests.xctest; sourceTree = BUILT_PRODUCTS_DIR; };
		4C335915241481CC00B64AB4 /* PokedexUITests.swift */ = {isa = PBXFileReference; lastKnownFileType = sourcecode.swift; path = PokedexUITests.swift; sourceTree = "<group>"; };
		4C335917241481CC00B64AB4 /* Info.plist */ = {isa = PBXFileReference; lastKnownFileType = text.plist.xml; path = Info.plist; sourceTree = "<group>"; };
/* End PBXFileReference section */

/* Begin PBXFrameworksBuildPhase section */
		4C3358EB241481BB00B64AB4 /* Frameworks */ = {
			isa = PBXFrameworksBuildPhase;
			buildActionMask = 2147483647;
			files = (
			);
			runOnlyForDeploymentPostprocessing = 0;
		};
		4C335903241481CC00B64AB4 /* Frameworks */ = {
			isa = PBXFrameworksBuildPhase;
			buildActionMask = 2147483647;
			files = (
			);
			runOnlyForDeploymentPostprocessing = 0;
		};
		4C33590E241481CC00B64AB4 /* Frameworks */ = {
			isa = PBXFrameworksBuildPhase;
			buildActionMask = 2147483647;
			files = (
			);
			runOnlyForDeploymentPostprocessing = 0;
		};
/* End PBXFrameworksBuildPhase section */

/* Begin PBXGroup section */
		4C3358E5241481BB00B64AB4 = {
			isa = PBXGroup;
			children = (
				4C3358F0241481BB00B64AB4 /* Pokedex */,
				4C335909241481CC00B64AB4 /* PokedexTests */,
				4C335914241481CC00B64AB4 /* PokedexUITests */,
				4C3358EF241481BB00B64AB4 /* Products */,
			);
			sourceTree = "<group>";
		};
		4C3358EF241481BB00B64AB4 /* Products */ = {
			isa = PBXGroup;
			children = (
				4C3358EE241481BB00B64AB4 /* Pokedex.app */,
				4C335906241481CC00B64AB4 /* PokedexTests.xctest */,
				4C335911241481CC00B64AB4 /* PokedexUITests.xctest */,
			);
			name = Products;
			sourceTree = "<group>";
		};
		4C3358F0241481BB00B64AB4 /* Pokedex */ = {
			isa = PBXGroup;
			children = (
				4C3358F1241481BB00B64AB4 /* AppDelegate.swift */,
				4C3358F3241481BC00B64AB4 /* DocumentBrowserViewController.swift */,
				4C3358F5241481BC00B64AB4 /* DocumentView.swift */,
				4C3358F7241481BC00B64AB4 /* Document.swift */,
				4C3358F9241481BC00B64AB4 /* Main.storyboard */,
				4C3358FC241481CB00B64AB4 /* Assets.xcassets */,
				4C3358FE241481CB00B64AB4 /* LaunchScreen.storyboard */,
				4C335901241481CB00B64AB4 /* Info.plist */,
			);
			path = Pokedex;
			sourceTree = "<group>";
		};
		4C335909241481CC00B64AB4 /* PokedexTests */ = {
			isa = PBXGroup;
			children = (
				4C33590A241481CC00B64AB4 /* PokedexTests.swift */,
				4C33590C241481CC00B64AB4 /* Info.plist */,
			);
			path = PokedexTests;
			sourceTree = "<group>";
		};
		4C335914241481CC00B64AB4 /* PokedexUITests */ = {
			isa = PBXGroup;
			children = (
				4C335915241481CC00B64AB4 /* PokedexUITests.swift */,
				4C335917241481CC00B64AB4 /* Info.plist */,
			);
			path = PokedexUITests;
			sourceTree = "<group>";
		};
/* End PBXGroup section */

/* Begin PBXNativeTarget section */
		4C3358ED241481BB00B64AB4 /* Pokedex */ = {
			isa = PBXNativeTarget;
			buildConfigurationList = 4C33591A241481CC00B64AB4 /* Build configuration list for PBXNativeTarget "Pokedex" */;
			buildPhases = (
				4C3358EA241481BB00B64AB4 /* Sources */,
				4C3358EB241481BB00B64AB4 /* Frameworks */,
				4C3358EC241481BB00B64AB4 /* Resources */,
			);
			buildRules = (
			);
			dependencies = (
			);
			name = Pokedex;
			productName = Pokedex;
			productReference = 4C3358EE241481BB00B64AB4 /* Pokedex.app */;
			productType = "com.apple.product-type.application";
		};
		4C335905241481CC00B64AB4 /* PokedexTests */ = {
			isa = PBXNativeTarget;
			buildConfigurationList = 4C33591D241481CC00B64AB4 /* Build configuration list for PBXNativeTarget "PokedexTests" */;
			buildPhases = (
				4C335902241481CC00B64AB4 /* Sources */,
				4C335903241481CC00B64AB4 /* Frameworks */,
				4C335904241481CC00B64AB4 /* Resources */,
			);
			buildRules = (
			);
			dependencies = (
				4C335908241481CC00B64AB4 /* PBXTargetDependency */,
			);
			name = PokedexTests;
			productName = PokedexTests;
			productReference = 4C335906241481CC00B64AB4 /* PokedexTests.xctest */;
			productType = "com.apple.product-type.bundle.unit-test";
		};
		4C335910241481CC00B64AB4 /* PokedexUITests */ = {
			isa = PBXNativeTarget;
			buildConfigurationList = 4C335920241481CC00B64AB4 /* Build configuration list for PBXNativeTarget "PokedexUITests" */;
			buildPhases = (
				4C33590D241481CC00B64AB4 /* Sources */,
				4C33590E241481CC00B64AB4 /* Frameworks */,
				4C33590F241481CC00B64AB4 /* Resources */,
			);
			buildRules = (
			);
			dependencies = (
				4C335913241481CC00B64AB4 /* PBXTargetDependency */,
			);
			name = PokedexUITests;
			productName = PokedexUITests;
			productReference = 4C335911241481CC00B64AB4 /* PokedexUITests.xctest */;
			productType = "com.apple.product-type.bundle.ui-testing";
		};
/* End PBXNativeTarget section */

/* Begin PBXProject section */
		4C3358E6241481BB00B64AB4 /* Project object */ = {
			isa = PBXProject;
			attributes = {
				LastSwiftUpdateCheck = 1130;
				LastUpgradeCheck = 1130;
				ORGANIZATIONNAME = "Michael Painter";
				TargetAttributes = {
					4C3358ED241481BB00B64AB4 = {
						CreatedOnToolsVersion = 11.3.1;
					};
					4C335905241481CC00B64AB4 = {
						CreatedOnToolsVersion = 11.3.1;
						TestTargetID = 4C3358ED241481BB00B64AB4;
					};
					4C335910241481CC00B64AB4 = {
						CreatedOnToolsVersion = 11.3.1;
						TestTargetID = 4C3358ED241481BB00B64AB4;
					};
				};
			};
			buildConfigurationList = 4C3358E9241481BB00B64AB4 /* Build configuration list for PBXProject "Pokedex" */;
			compatibilityVersion = "Xcode 9.3";
			developmentRegion = en;
			hasScannedForEncodings = 0;
			knownRegions = (
				en,
				Base,
			);
			mainGroup = 4C3358E5241481BB00B64AB4;
			productRefGroup = 4C3358EF241481BB00B64AB4 /* Products */;
			projectDirPath = "";
			projectRoot = "";
			targets = (
				4C3358ED241481BB00B64AB4 /* Pokedex */,
				4C335905241481CC00B64AB4 /* PokedexTests */,
				4C335910241481CC00B64AB4 /* PokedexUITests */,
			);
		};
/* End PBXProject section */

/* Begin PBXResourcesBuildPhase section */
		4C3358EC241481BB00B64AB4 /* Resources */ = {
			isa = PBXResourcesBuildPhase;
			buildActionMask = 2147483647;
			files = (
				4C335900241481CB00B64AB4 /* LaunchScreen.storyboard in Resources */,
				4C3358FD241481CB00B64AB4 /* Assets.xcassets in Resources */,
				4C3358FB241481BC00B64AB4 /* Main.storyboard in Resources */,
			);
			runOnlyForDeploymentPostprocessing = 0;
		};
		4C335904241481CC00B64AB4 /* Resources */ = {
			isa = PBXResourcesBuildPhase;
			buildActionMask = 2147483647;
			files = (
			);
			runOnlyForDeploymentPostprocessing = 0;
		};
		4C33590F241481CC00B64AB4 /* Resources */ = {
			isa = PBXResourcesBuildPhase;
			buildActionMask = 2147483647;
			files = (
			);
			runOnlyForDeploymentPostprocessing = 0;
		};
/* End PBXResourcesBuildPhase section */

/* Begin PBXSourcesBuildPhase section */
		4C3358EA241481BB00B64AB4 /* Sources */ = {
			isa = PBXSourcesBuildPhase;
			buildActionMask = 2147483647;
			files = (
				4C3358F8241481BC00B64AB4 /* Document.swift in Sources */,
				4C3358F4241481BC00B64AB4 /* DocumentBrowserViewController.swift in Sources */,
				4C3358F6241481BC00B64AB4 /* DocumentView.swift in Sources */,
				4C3358F2241481BB00B64AB4 /* AppDelegate.swift in Sources */,
			);
			runOnlyForDeploymentPostprocessing = 0;
		};
		4C335902241481CC00B64AB4 /* Sources */ = {
			isa = PBXSourcesBuildPhase;
			buildActionMask = 2147483647;
			files = (
				4C33590B241481CC00B64AB4 /* PokedexTests.swift in Sources */,
			);
			runOnlyForDeploymentPostprocessing = 0;
		};
		4C33590D241481CC00B64AB4 /* Sources */ = {
			isa = PBXSourcesBuildPhase;
			buildActionMask = 2147483647;
			files = (
				4C335916241481CC00B64AB4 /* PokedexUITests.swift in Sources */,
			);
			runOnlyForDeploymentPostprocessing = 0;
		};
/* End PBXSourcesBuildPhase section */

/* Begin PBXTargetDependency section */
		4C335908241481CC00B64AB4 /* PBXTargetDependency */ = {
			isa = PBXTargetDependency;
			target = 4C3358ED241481BB00B64AB4 /* Pokedex */;
			targetProxy = 4C335907241481CC00B64AB4 /* PBXContainerItemProxy */;
		};
		4C335913241481CC00B64AB4 /* PBXTargetDependency */ = {
			isa = PBXTargetDependency;
			target = 4C3358ED241481BB00B64AB4 /* Pokedex */;
			targetProxy = 4C335912241481CC00B64AB4 /* PBXContainerItemProxy */;
		};
/* End PBXTargetDependency section */

/* Begin PBXVariantGroup section */
		4C3358F9241481BC00B64AB4 /* Main.storyboard */ = {
			isa = PBXVariantGroup;
			children = (
				4C3358FA241481BC00B64AB4 /* Base */,
			);
			name = Main.storyboard;
			sourceTree = "<group>";
		};
		4C3358FE241481CB00B64AB4 /* LaunchScreen.storyboard */ = {
			isa = PBXVariantGroup;
			children = (
				4C3358FF241481CB00B64AB4 /* Base */,
			);
			name = LaunchScreen.storyboard;
			sourceTree = "<group>";
		};
/* End PBXVariantGroup section */

/* Begin XCBuildConfiguration section */
		4C335918241481CC00B64AB4 /* Debug */ = {
			isa = XCBuildConfiguration;
			buildSettings = {
				ALWAYS_SEARCH_USER_PATHS = NO;
				CLANG_ANALYZER_NONNULL = YES;
				CLANG_ANALYZER_NUMBER_OBJECT_CONVERSION = YES_AGGRESSIVE;
				CLANG_CXX_LANGUAGE_STANDARD = "gnu++14";
				CLANG_CXX_LIBRARY = "libc++";
				CLANG_ENABLE_MODULES = YES;
				CLANG_ENABLE_OBJC_ARC = YES;
				CLANG_ENABLE_OBJC_WEAK = YES;
				CLANG_WARN_BLOCK_CAPTURE_AUTORELEASING = YES;
				CLANG_WARN_BOOL_CONVERSION = YES;
				CLANG_WARN_COMMA = YES;
				CLANG_WARN_CONSTANT_CONVERSION = YES;
				CLANG_WARN_DEPRECATED_OBJC_IMPLEMENTATIONS = YES;
				CLANG_WARN_DIRECT_OBJC_ISA_USAGE = YES_ERROR;
				CLANG_WARN_DOCUMENTATION_COMMENTS = YES;
				CLANG_WARN_EMPTY_BODY = YES;
				CLANG_WARN_ENUM_CONVERSION = YES;
				CLANG_WARN_INFINITE_RECURSION = YES;
				CLANG_WARN_INT_CONVERSION = YES;
				CLANG_WARN_NON_LITERAL_NULL_CONVERSION = YES;
				CLANG_WARN_OBJC_IMPLICIT_RETAIN_SELF = YES;
				CLANG_WARN_OBJC_LITERAL_CONVERSION = YES;
				CLANG_WARN_OBJC_ROOT_CLASS = YES_ERROR;
				CLANG_WARN_RANGE_LOOP_ANALYSIS = YES;
				CLANG_WARN_STRICT_PROTOTYPES = YES;
				CLANG_WARN_SUSPICIOUS_MOVE = YES;
				CLANG_WARN_UNGUARDED_AVAILABILITY = YES_AGGRESSIVE;
				CLANG_WARN_UNREACHABLE_CODE = YES;
				CLANG_WARN__DUPLICATE_METHOD_MATCH = YES;
				COPY_PHASE_STRIP = NO;
				DEBUG_INFORMATION_FORMAT = dwarf;
				ENABLE_STRICT_OBJC_MSGSEND = YES;
				ENABLE_TESTABILITY = YES;
				GCC_C_LANGUAGE_STANDARD = gnu11;
				GCC_DYNAMIC_NO_PIC = NO;
				GCC_NO_COMMON_BLOCKS = YES;
				GCC_OPTIMIZATION_LEVEL = 0;
				GCC_PREPROCESSOR_DEFINITIONS = (
					"DEBUG=1",
					"$(inherited)",
				);
				GCC_WARN_64_TO_32_BIT_CONVERSION = YES;
				GCC_WARN_ABOUT_RETURN_TYPE = YES_ERROR;
				GCC_WARN_UNDECLARED_SELECTOR = YES;
				GCC_WARN_UNINITIALIZED_AUTOS = YES_AGGRESSIVE;
				GCC_WARN_UNUSED_FUNCTION = YES;
				GCC_WARN_UNUSED_VARIABLE = YES;
				IPHONEOS_DEPLOYMENT_TARGET = 13.2;
				MTL_ENABLE_DEBUG_INFO = INCLUDE_SOURCE;
				MTL_FAST_MATH = YES;
				ONLY_ACTIVE_ARCH = YES;
				SDKROOT = iphoneos;
				SWIFT_ACTIVE_COMPILATION_CONDITIONS = DEBUG;
				SWIFT_OPTIMIZATION_LEVEL = "-Onone";
			};
			name = Debug;
		};
		4C335919241481CC00B64AB4 /* Release */ = {
			isa = XCBuildConfiguration;
			buildSettings = {
				ALWAYS_SEARCH_USER_PATHS = NO;
				CLANG_ANALYZER_NONNULL = YES;
				CLANG_ANALYZER_NUMBER_OBJECT_CONVERSION = YES_AGGRESSIVE;
				CLANG_CXX_LANGUAGE_STANDARD = "gnu++14";
				CLANG_CXX_LIBRARY = "libc++";
				CLANG_ENABLE_MODULES = YES;
				CLANG_ENABLE_OBJC_ARC = YES;
				CLANG_ENABLE_OBJC_WEAK = YES;
				CLANG_WARN_BLOCK_CAPTURE_AUTORELEASING = YES;
				CLANG_WARN_BOOL_CONVERSION = YES;
				CLANG_WARN_COMMA = YES;
				CLANG_WARN_CONSTANT_CONVERSION = YES;
				CLANG_WARN_DEPRECATED_OBJC_IMPLEMENTATIONS = YES;
				CLANG_WARN_DIRECT_OBJC_ISA_USAGE = YES_ERROR;
				CLANG_WARN_DOCUMENTATION_COMMENTS = YES;
				CLANG_WARN_EMPTY_BODY = YES;
				CLANG_WARN_ENUM_CONVERSION = YES;
				CLANG_WARN_INFINITE_RECURSION = YES;
				CLANG_WARN_INT_CONVERSION = YES;
				CLANG_WARN_NON_LITERAL_NULL_CONVERSION = YES;
				CLANG_WARN_OBJC_IMPLICIT_RETAIN_SELF = YES;
				CLANG_WARN_OBJC_LITERAL_CONVERSION = YES;
				CLANG_WARN_OBJC_ROOT_CLASS = YES_ERROR;
				CLANG_WARN_RANGE_LOOP_ANALYSIS = YES;
				CLANG_WARN_STRICT_PROTOTYPES = YES;
				CLANG_WARN_SUSPICIOUS_MOVE = YES;
				CLANG_WARN_UNGUARDED_AVAILABILITY = YES_AGGRESSIVE;
				CLANG_WARN_UNREACHABLE_CODE = YES;
				CLANG_WARN__DUPLICATE_METHOD_MATCH = YES;
				COPY_PHASE_STRIP = NO;
				DEBUG_INFORMATION_FORMAT = "dwarf-with-dsym";
				ENABLE_NS_ASSERTIONS = NO;
				ENABLE_STRICT_OBJC_MSGSEND = YES;
				GCC_C_LANGUAGE_STANDARD = gnu11;
				GCC_NO_COMMON_BLOCKS = YES;
				GCC_WARN_64_TO_32_BIT_CONVERSION = YES;
				GCC_WARN_ABOUT_RETURN_TYPE = YES_ERROR;
				GCC_WARN_UNDECLARED_SELECTOR = YES;
				GCC_WARN_UNINITIALIZED_AUTOS = YES_AGGRESSIVE;
				GCC_WARN_UNUSED_FUNCTION = YES;
				GCC_WARN_UNUSED_VARIABLE = YES;
				IPHONEOS_DEPLOYMENT_TARGET = 13.2;
				MTL_ENABLE_DEBUG_INFO = NO;
				MTL_FAST_MATH = YES;
				SDKROOT = iphoneos;
				SWIFT_COMPILATION_MODE = wholemodule;
				SWIFT_OPTIMIZATION_LEVEL = "-O";
				VALIDATE_PRODUCT = YES;
			};
			name = Release;
		};
		4C33591B241481CC00B64AB4 /* Debug */ = {
			isa = XCBuildConfiguration;
			buildSettings = {
				ASSETCATALOG_COMPILER_APPICON_NAME = AppIcon;
				CODE_SIGN_STYLE = Automatic;
				INFOPLIST_FILE = Pokedex/Info.plist;
				LD_RUNPATH_SEARCH_PATHS = (
					"$(inherited)",
					"@executable_path/Frameworks",
				);
				PRODUCT_BUNDLE_IDENTIFIER = "Michael-Painter.Pokedex";
				PRODUCT_NAME = "$(TARGET_NAME)";
				SWIFT_VERSION = 5.0;
				TARGETED_DEVICE_FAMILY = "1,2";
			};
			name = Debug;
		};
		4C33591C241481CC00B64AB4 /* Release */ = {
			isa = XCBuildConfiguration;
			buildSettings = {
				ASSETCATALOG_COMPILER_APPICON_NAME = AppIcon;
				CODE_SIGN_STYLE = Automatic;
				INFOPLIST_FILE = Pokedex/Info.plist;
				LD_RUNPATH_SEARCH_PATHS = (
					"$(inherited)",
					"@executable_path/Frameworks",
				);
				PRODUCT_BUNDLE_IDENTIFIER = "Michael-Painter.Pokedex";
				PRODUCT_NAME = "$(TARGET_NAME)";
				SWIFT_VERSION = 5.0;
				TARGETED_DEVICE_FAMILY = "1,2";
			};
			name = Release;
		};
		4C33591E241481CC00B64AB4 /* Debug */ = {
			isa = XCBuildConfiguration;
			buildSettings = {
				ALWAYS_EMBED_SWIFT_STANDARD_LIBRARIES = YES;
				BUNDLE_LOADER = "$(TEST_HOST)";
				CODE_SIGN_STYLE = Automatic;
				INFOPLIST_FILE = PokedexTests/Info.plist;
				IPHONEOS_DEPLOYMENT_TARGET = 13.2;
				LD_RUNPATH_SEARCH_PATHS = (
					"$(inherited)",
					"@executable_path/Frameworks",
					"@loader_path/Frameworks",
				);
				PRODUCT_BUNDLE_IDENTIFIER = "Michael-Painter.PokedexTests";
				PRODUCT_NAME = "$(TARGET_NAME)";
				SWIFT_VERSION = 5.0;
				TARGETED_DEVICE_FAMILY = "1,2";
				TEST_HOST = "$(BUILT_PRODUCTS_DIR)/Pokedex.app/Pokedex";
			};
			name = Debug;
		};
		4C33591F241481CC00B64AB4 /* Release */ = {
			isa = XCBuildConfiguration;
			buildSettings = {
				ALWAYS_EMBED_SWIFT_STANDARD_LIBRARIES = YES;
				BUNDLE_LOADER = "$(TEST_HOST)";
				CODE_SIGN_STYLE = Automatic;
				INFOPLIST_FILE = PokedexTests/Info.plist;
				IPHONEOS_DEPLOYMENT_TARGET = 13.2;
				LD_RUNPATH_SEARCH_PATHS = (
					"$(inherited)",
					"@executable_path/Frameworks",
					"@loader_path/Frameworks",
				);
				PRODUCT_BUNDLE_IDENTIFIER = "Michael-Painter.PokedexTests";
				PRODUCT_NAME = "$(TARGET_NAME)";
				SWIFT_VERSION = 5.0;
				TARGETED_DEVICE_FAMILY = "1,2";
				TEST_HOST = "$(BUILT_PRODUCTS_DIR)/Pokedex.app/Pokedex";
			};
			name = Release;
		};
		4C335921241481CC00B64AB4 /* Debug */ = {
			isa = XCBuildConfiguration;
			buildSettings = {
				ALWAYS_EMBED_SWIFT_STANDARD_LIBRARIES = YES;
				CODE_SIGN_STYLE = Automatic;
				INFOPLIST_FILE = PokedexUITests/Info.plist;
				LD_RUNPATH_SEARCH_PATHS = (
					"$(inherited)",
					"@executable_path/Frameworks",
					"@loader_path/Frameworks",
				);
				PRODUCT_BUNDLE_IDENTIFIER = "Michael-Painter.PokedexUITests";
				PRODUCT_NAME = "$(TARGET_NAME)";
				SWIFT_VERSION = 5.0;
				TARGETED_DEVICE_FAMILY = "1,2";
				TEST_TARGET_NAME = Pokedex;
			};
			name = Debug;
		};
		4C335922241481CC00B64AB4 /* Release */ = {
			isa = XCBuildConfiguration;
			buildSettings = {
				ALWAYS_EMBED_SWIFT_STANDARD_LIBRARIES = YES;
				CODE_SIGN_STYLE = Automatic;
				INFOPLIST_FILE = PokedexUITests/Info.plist;
				LD_RUNPATH_SEARCH_PATHS = (
					"$(inherited)",
					"@executable_path/Frameworks",
					"@loader_path/Frameworks",
				);
				PRODUCT_BUNDLE_IDENTIFIER = "Michael-Painter.PokedexUITests";
				PRODUCT_NAME = "$(TARGET_NAME)";
				SWIFT_VERSION = 5.0;
				TARGETED_DEVICE_FAMILY = "1,2";
				TEST_TARGET_NAME = Pokedex;
			};
			name = Release;
		};
/* End XCBuildConfiguration section */

/* Begin XCConfigurationList section */
		4C3358E9241481BB00B64AB4 /* Build configuration list for PBXProject "Pokedex" */ = {
			isa = XCConfigurationList;
			buildConfigurations = (
				4C335918241481CC00B64AB4 /* Debug */,
				4C335919241481CC00B64AB4 /* Release */,
			);
			defaultConfigurationIsVisible = 0;
			defaultConfigurationName = Release;
		};
		4C33591A241481CC00B64AB4 /* Build configuration list for PBXNativeTarget "Pokedex" */ = {
			isa = XCConfigurationList;
			buildConfigurations = (
				4C33591B241481CC00B64AB4 /* Debug */,
				4C33591C241481CC00B64AB4 /* Release */,
			);
			defaultConfigurationIsVisible = 0;
			defaultConfigurationName = Release;
		};
		4C33591D241481CC00B64AB4 /* Build configuration list for PBXNativeTarget "PokedexTests" */ = {
			isa = XCConfigurationList;
			buildConfigurations = (
				4C33591E241481CC00B64AB4 /* Debug */,
				4C33591F241481CC00B64AB4 /* Release */,
			);
			defaultConfigurationIsVisible = 0;
			defaultConfigurationName = Release;
		};
		4C335920241481CC00B64AB4 /* Build configuration list for PBXNativeTarget "PokedexUITests" */ = {
			isa = XCConfigurationList;
			buildConfigurations = (
				4C335921241481CC00B64AB4 /* Debug */,
				4C335922241481CC00B64AB4 /* Release */,
			);
			defaultConfigurationIsVisible = 0;
			defaultConfigurationName = Release;
		};
/* End XCConfigurationList section */
	};
	rootObject = 4C3358E6241481BB00B64AB4 /* Project object */;
}
